# This file is automatically @generated by Poetry 1.4.2 and should not be changed by hand.

[[package]]
name = "cloudpickle"
version = "2.2.1"
description = "Extended pickling support for Python objects"
category = "main"
optional = false
python-versions = ">=3.6"
files = [
    {file = "cloudpickle-2.2.1-py3-none-any.whl", hash = "sha256:61f594d1f4c295fa5cd9014ceb3a1fc4a70b0de1164b94fbc2d854ccba056f9f"},
    {file = "cloudpickle-2.2.1.tar.gz", hash = "sha256:d89684b8de9e34a2a43b3460fbca07d09d6e25ce858df4d5a44240403b6178f5"},
]

[[package]]
name = "cmake"
version = "3.26.1"
description = "CMake is an open-source, cross-platform family of tools designed to build, test and package software"
category = "main"
optional = false
python-versions = "*"
files = [
    {file = "cmake-3.26.1-py2.py3-none-macosx_10_10_universal2.macosx_10_10_x86_64.macosx_11_0_arm64.macosx_11_0_universal2.whl", hash = "sha256:d8a7e0cc8677677a732aff3e3fd0ad64eeff43cac772614b03c436912247d0d8"},
    {file = "cmake-3.26.1-py2.py3-none-manylinux2010_i686.manylinux_2_12_i686.whl", hash = "sha256:f2f721f5aebe304c281ee4b1d2dfbf7f4a52fca003834b2b4a3ba838aeded63c"},
    {file = "cmake-3.26.1-py2.py3-none-manylinux2010_x86_64.manylinux_2_12_x86_64.whl", hash = "sha256:63a012b72836702eadfe4fba9642aeb17337f26861f4768e837053f40e98cb46"},
    {file = "cmake-3.26.1-py2.py3-none-manylinux2014_aarch64.manylinux_2_17_aarch64.whl", hash = "sha256:2b72be88b7bfaa6ae59566cbb9d6a5553f19b2a8d14efa6ac0cf019a29860a1b"},
    {file = "cmake-3.26.1-py2.py3-none-manylinux2014_i686.manylinux_2_17_i686.whl", hash = "sha256:1278354f7210e22458aa9137d46a56da1f115a7b76ad2733f0bf6041fb40f1dc"},
    {file = "cmake-3.26.1-py2.py3-none-manylinux2014_ppc64le.manylinux_2_17_ppc64le.whl", hash = "sha256:de96a5522917fba0ab0da2d01d9dd9462fa80f365218bf27162d539c2335758f"},
    {file = "cmake-3.26.1-py2.py3-none-manylinux2014_s390x.manylinux_2_17_s390x.whl", hash = "sha256:449928ad7dfcd41e4dcff64c7d44f86557883c70577666a19e79e22d783bbbd0"},
    {file = "cmake-3.26.1-py2.py3-none-manylinux2014_x86_64.manylinux_2_17_x86_64.whl", hash = "sha256:19fa3e457afecf2803265f71652ef17c3f1d317173c330ba46767a0853d38fa0"},
    {file = "cmake-3.26.1-py2.py3-none-musllinux_1_1_aarch64.whl", hash = "sha256:43360650d60d177d979e4ad0a5f31afa286e6d88f5350f7a38c29d94514900eb"},
    {file = "cmake-3.26.1-py2.py3-none-musllinux_1_1_i686.whl", hash = "sha256:16aac10363bc926da5109a59ef8fe46ddcd7e3d421de61f871b35524eef2f1ae"},
    {file = "cmake-3.26.1-py2.py3-none-musllinux_1_1_ppc64le.whl", hash = "sha256:e460ba5070be4dcac9613cb526a46db4e5fa19d8b909a8d8d5244c6cc3c777e1"},
    {file = "cmake-3.26.1-py2.py3-none-musllinux_1_1_s390x.whl", hash = "sha256:fd2ecc0899f7939a014bd906df85e8681bd63ce457de3ab0b5d9e369fa3bdf79"},
    {file = "cmake-3.26.1-py2.py3-none-musllinux_1_1_x86_64.whl", hash = "sha256:22781a23e274ba9bf380b970649654851c1b4b9d83b65fec12ee2e2e03b6ffc4"},
    {file = "cmake-3.26.1-py2.py3-none-win32.whl", hash = "sha256:7b4e81de30ac1fb2f1eb5287063e140b53f376fd9ed7e2060c1c7b5917bd5f83"},
    {file = "cmake-3.26.1-py2.py3-none-win_amd64.whl", hash = "sha256:90845b6c87a25be07e9220f67dd7f6c891c6ec14d764d37335218d97f9ea4520"},
    {file = "cmake-3.26.1-py2.py3-none-win_arm64.whl", hash = "sha256:43bd96327e2631183bb4829ba20cb810e20b4b0c68f852fcd7082fbb5359d57c"},
    {file = "cmake-3.26.1.tar.gz", hash = "sha256:4e0eb3c03dcf2d459f78d96cc85f7482476aeb1ae5ada65150b1db35c0f70cc7"},
]

[package.extras]
test = ["codecov (>=2.0.5)", "coverage (>=4.2)", "flake8 (>=3.0.4)", "path.py (>=11.5.0)", "pytest (>=3.0.3)", "pytest-cov (>=2.4.0)", "pytest-runner (>=2.9)", "pytest-virtualenv (>=1.7.0)", "scikit-build (>=0.10.0)", "setuptools (>=28.0.0)", "virtualenv (>=15.0.3)", "wheel"]

[[package]]
name = "farama-notifications"
version = "0.0.4"
description = "Notifications for all Farama Foundation maintained libraries."
category = "main"
optional = false
python-versions = "*"
files = [
    {file = "Farama-Notifications-0.0.4.tar.gz", hash = "sha256:13fceff2d14314cf80703c8266462ebf3733c7d165336eee998fc58e545efd18"},
    {file = "Farama_Notifications-0.0.4-py3-none-any.whl", hash = "sha256:14de931035a41961f7c056361dc7f980762a143d05791ef5794a751a2caf05ae"},
]

[[package]]
name = "gym-retro"
version = "0.8.0.dev88+gc506c1e6"
description = ""
category = "main"
optional = false
python-versions = ">=3.6.0"
files = []
develop = false

[package.dependencies]
gymnasium = ">=0.27.1"
pyglet = ">=1.3.2,<2.0.0"

[package.extras]
docs = ["m2r", "sphinx", "sphinx-autobuild", "sphinx_rtd_theme"]

[package.source]
type = "git"
url = "https://github.com/MatPoliquin/stable-retro.git"
reference = "HEAD"
resolved_reference = "c506c1e67b89e11695ae2a787896bbaba6157759"

[[package]]
name = "gymnasium"
version = "0.28.1"
description = "A standard API for reinforcement learning and a diverse set of reference environments (formerly Gym)."
category = "main"
optional = false
python-versions = ">=3.7"
files = [
    {file = "gymnasium-0.28.1-py3-none-any.whl", hash = "sha256:7bc9a5bce1022f997d1dbc152fc91d1ac977bad9cc7794cdc25437010867cabf"},
    {file = "gymnasium-0.28.1.tar.gz", hash = "sha256:4c2c745808792c8f45c6e88ad0a5504774394e0c126f6e3db555e720d3da6f24"},
]

[package.dependencies]
cloudpickle = ">=1.2.0"
farama-notifications = ">=0.0.1"
jax-jumpy = ">=1.0.0"
numpy = ">=1.21.0"
typing-extensions = ">=4.3.0"

[package.extras]
accept-rom-license = ["autorom[accept-rom-license] (>=0.4.2,<0.5.0)"]
all = ["box2d-py (==2.3.5)", "imageio (>=2.14.1)", "jax (==0.3.24)", "jaxlib (==0.3.24)", "lz4 (>=3.1.0)", "matplotlib (>=3.0)", "moviepy (>=1.0.0)", "mujoco (>=2.3.2)", "mujoco-py (>=2.1,<2.2)", "opencv-python (>=3.0)", "pygame (==2.1.3)", "shimmy[atari] (>=0.1.0,<1.0)", "swig (>=4.0.0,<5.0.0)", "torch (>=1.0.0)"]
atari = ["shimmy[atari] (>=0.1.0,<1.0)"]
box2d = ["box2d-py (==2.3.5)", "pygame (==2.1.3)", "swig (>=4.0.0,<5.0.0)"]
classic-control = ["pygame (==2.1.3)", "pygame (==2.1.3)"]
jax = ["jax (==0.3.24)", "jaxlib (==0.3.24)"]
mujoco = ["imageio (>=2.14.1)", "mujoco (>=2.3.2)"]
mujoco-py = ["mujoco-py (>=2.1,<2.2)", "mujoco-py (>=2.1,<2.2)"]
other = ["lz4 (>=3.1.0)", "matplotlib (>=3.0)", "moviepy (>=1.0.0)", "opencv-python (>=3.0)", "torch (>=1.0.0)"]
testing = ["pytest (==7.1.3)", "scipy (==1.7.3)"]
toy-text = ["pygame (==2.1.3)", "pygame (==2.1.3)"]

[[package]]
name = "jax-jumpy"
version = "1.0.0"
description = "Common backend for Jax or Numpy."
category = "main"
optional = false
python-versions = ">=3.7"
files = [
    {file = "jax-jumpy-1.0.0.tar.gz", hash = "sha256:195fb955cc4c2b7f0b1453e3cb1fb1c414a51a407ffac7a51e69a73cb30d59ad"},
    {file = "jax_jumpy-1.0.0-py3-none-any.whl", hash = "sha256:ab7e01454bba462de3c4d098e3e585c302a8f06bc36d9182ab4e7e4aa7067c5e"},
]

[package.dependencies]
numpy = ">=1.18.0"

[package.extras]
jax = ["jax (>=0.3.24)", "jaxlib (>=0.3.24)"]
testing = ["pytest (==7.1.3)"]

[[package]]
name = "numpy"
version = "1.24.2"
description = "Fundamental package for array computing in Python"
category = "main"
optional = false
python-versions = ">=3.8"
files = [
    {file = "numpy-1.24.2-cp310-cp310-macosx_10_9_x86_64.whl", hash = "sha256:eef70b4fc1e872ebddc38cddacc87c19a3709c0e3e5d20bf3954c147b1dd941d"},
    {file = "numpy-1.24.2-cp310-cp310-macosx_11_0_arm64.whl", hash = "sha256:e8d2859428712785e8a8b7d2b3ef0a1d1565892367b32f915c4a4df44d0e64f5"},
    {file = "numpy-1.24.2-cp310-cp310-manylinux_2_17_aarch64.manylinux2014_aarch64.whl", hash = "sha256:6524630f71631be2dabe0c541e7675db82651eb998496bbe16bc4f77f0772253"},
    {file = "numpy-1.24.2-cp310-cp310-manylinux_2_17_x86_64.manylinux2014_x86_64.whl", hash = "sha256:a51725a815a6188c662fb66fb32077709a9ca38053f0274640293a14fdd22978"},
    {file = "numpy-1.24.2-cp310-cp310-win32.whl", hash = "sha256:2620e8592136e073bd12ee4536149380695fbe9ebeae845b81237f986479ffc9"},
    {file = "numpy-1.24.2-cp310-cp310-win_amd64.whl", hash = "sha256:97cf27e51fa078078c649a51d7ade3c92d9e709ba2bfb97493007103c741f1d0"},
    {file = "numpy-1.24.2-cp311-cp311-macosx_10_9_x86_64.whl", hash = "sha256:7de8fdde0003f4294655aa5d5f0a89c26b9f22c0a58790c38fae1ed392d44a5a"},
    {file = "numpy-1.24.2-cp311-cp311-macosx_11_0_arm64.whl", hash = "sha256:4173bde9fa2a005c2c6e2ea8ac1618e2ed2c1c6ec8a7657237854d42094123a0"},
    {file = "numpy-1.24.2-cp311-cp311-manylinux_2_17_aarch64.manylinux2014_aarch64.whl", hash = "sha256:4cecaed30dc14123020f77b03601559fff3e6cd0c048f8b5289f4eeabb0eb281"},
    {file = "numpy-1.24.2-cp311-cp311-manylinux_2_17_x86_64.manylinux2014_x86_64.whl", hash = "sha256:9a23f8440561a633204a67fb44617ce2a299beecf3295f0d13c495518908e910"},
    {file = "numpy-1.24.2-cp311-cp311-win32.whl", hash = "sha256:e428c4fbfa085f947b536706a2fc349245d7baa8334f0c5723c56a10595f9b95"},
    {file = "numpy-1.24.2-cp311-cp311-win_amd64.whl", hash = "sha256:557d42778a6869c2162deb40ad82612645e21d79e11c1dc62c6e82a2220ffb04"},
    {file = "numpy-1.24.2-cp38-cp38-macosx_10_9_x86_64.whl", hash = "sha256:d0a2db9d20117bf523dde15858398e7c0858aadca7c0f088ac0d6edd360e9ad2"},
    {file = "numpy-1.24.2-cp38-cp38-macosx_11_0_arm64.whl", hash = "sha256:c72a6b2f4af1adfe193f7beb91ddf708ff867a3f977ef2ec53c0ffb8283ab9f5"},
    {file = "numpy-1.24.2-cp38-cp38-manylinux_2_17_aarch64.manylinux2014_aarch64.whl", hash = "sha256:c29e6bd0ec49a44d7690ecb623a8eac5ab8a923bce0bea6293953992edf3a76a"},
    {file = "numpy-1.24.2-cp38-cp38-manylinux_2_17_x86_64.manylinux2014_x86_64.whl", hash = "sha256:2eabd64ddb96a1239791da78fa5f4e1693ae2dadc82a76bc76a14cbb2b966e96"},
    {file = "numpy-1.24.2-cp38-cp38-win32.whl", hash = "sha256:e3ab5d32784e843fc0dd3ab6dcafc67ef806e6b6828dc6af2f689be0eb4d781d"},
    {file = "numpy-1.24.2-cp38-cp38-win_amd64.whl", hash = "sha256:76807b4063f0002c8532cfeac47a3068a69561e9c8715efdad3c642eb27c0756"},
    {file = "numpy-1.24.2-cp39-cp39-macosx_10_9_x86_64.whl", hash = "sha256:4199e7cfc307a778f72d293372736223e39ec9ac096ff0a2e64853b866a8e18a"},
    {file = "numpy-1.24.2-cp39-cp39-macosx_11_0_arm64.whl", hash = "sha256:adbdce121896fd3a17a77ab0b0b5eedf05a9834a18699db6829a64e1dfccca7f"},
    {file = "numpy-1.24.2-cp39-cp39-manylinux_2_17_aarch64.manylinux2014_aarch64.whl", hash = "sha256:889b2cc88b837d86eda1b17008ebeb679d82875022200c6e8e4ce6cf549b7acb"},
    {file = "numpy-1.24.2-cp39-cp39-manylinux_2_17_x86_64.manylinux2014_x86_64.whl", hash = "sha256:f64bb98ac59b3ea3bf74b02f13836eb2e24e48e0ab0145bbda646295769bd780"},
    {file = "numpy-1.24.2-cp39-cp39-win32.whl", hash = "sha256:63e45511ee4d9d976637d11e6c9864eae50e12dc9598f531c035265991910468"},
    {file = "numpy-1.24.2-cp39-cp39-win_amd64.whl", hash = "sha256:a77d3e1163a7770164404607b7ba3967fb49b24782a6ef85d9b5f54126cc39e5"},
    {file = "numpy-1.24.2-pp38-pypy38_pp73-macosx_10_9_x86_64.whl", hash = "sha256:92011118955724465fb6853def593cf397b4a1367495e0b59a7e69d40c4eb71d"},
    {file = "numpy-1.24.2-pp38-pypy38_pp73-manylinux_2_17_x86_64.manylinux2014_x86_64.whl", hash = "sha256:f9006288bcf4895917d02583cf3411f98631275bc67cce355a7f39f8c14338fa"},
    {file = "numpy-1.24.2-pp38-pypy38_pp73-win_amd64.whl", hash = "sha256:150947adbdfeceec4e5926d956a06865c1c690f2fd902efede4ca6fe2e657c3f"},
    {file = "numpy-1.24.2.tar.gz", hash = "sha256:003a9f530e880cb2cd177cba1af7220b9aa42def9c4afc2a2fc3ee6be7eb2b22"},
]

[[package]]
name = "pyglet"
version = "1.5.27"
description = "Cross-platform windowing and multimedia library"
category = "main"
optional = false
python-versions = "*"
files = [
    {file = "pyglet-1.5.27-py3-none-any.whl", hash = "sha256:7ce2eb5a299cda92fcc099f533520cdaa2f157a175d6c1442a2ae4d769284d2d"},
    {file = "pyglet-1.5.27.zip", hash = "sha256:4d00e067451f3b10fd51b69764fddab65444372a2da344ee2b35f0a8e6ebf005"},
]

[[package]]
name = "typing-extensions"
version = "4.5.0"
description = "Backported and Experimental Type Hints for Python 3.7+"
category = "main"
optional = false
python-versions = ">=3.7"
files = [
    {file = "typing_extensions-4.5.0-py3-none-any.whl", hash = "sha256:fb33085c39dd998ac16d1431ebc293a8b3eedd00fd4a32de0ff79002c19511b4"},
    {file = "typing_extensions-4.5.0.tar.gz", hash = "sha256:5cb5f4a79139d699607b3ef622a1dedafa84e115ab0024e0d9c044a9479ca7cb"},
]

[metadata]
lock-version = "2.0"
python-versions = "^3.11"
content-hash = "67b17b6d4b5cc790565448693ceca58c5a9e31d0003b0be19318606751443b4d"
